
Microsoft Visual Studio Solution File, Format Version 12.00
# Visual Studio Version 16
VisualStudioVersion = 16.0.29905.134
MinimumVisualStudioVersion = 10.0.40219.1
Project("{9A19103F-16F7-4668-BE54-9A1E7A4F7556}") = "TaxCalculator", "TaxCalculator\TaxCalculator.csproj", "{C3C40138-6311-4293-887A-DE10E3CC9B61}"
EndProject
Project("{FAE04EC0-301F-11D3-BF4B-00C04F79EFBC}") = "TaxCalculatorTests", "TaxCalculatorTests\TaxCalculatorTests.csproj", "{4C4FF120-3CEC-4DF9-80FD-09B9B68436B0}"
EndProject
Global
	GlobalSection(SolutionConfigurationPlatforms) = preSolution
		Debug|Any CPU = Debug|Any CPU
		Release|Any CPU = Release|Any CPU
	EndGlobalSection
	GlobalSection(ProjectConfigurationPlatforms) = postSolution
		{C3C40138-6311-4293-887A-DE10E3CC9B61}.Debug|Any CPU.ActiveCfg = Debug|Any CPU
		{C3C40138-6311-4293-887A-DE10E3CC9B61}.Debug|Any CPU.Build.0 = Debug|Any CPU
		{C3C40138-6311-4293-887A-DE10E3CC9B61}.Release|Any CPU.ActiveCfg = Release|Any CPU
		{C3C40138-6311-4293-887A-DE10E3CC9B61}.Release|Any CPU.Build.0 = Release|Any CPU
		{4C4FF120-3CEC-4DF9-80FD-09B9B68436B0}.Debug|Any CPU.ActiveCfg = Debug|Any CPU
		{4C4FF120-3CEC-4DF9-80FD-09B9B68436B0}.Debug|Any CPU.Build.0 = Debug|Any CPU
		{4C4FF120-3CEC-4DF9-80FD-09B9B68436B0}.Release|Any CPU.ActiveCfg = Release|Any CPU
		{4C4FF120-3CEC-4DF9-80FD-09B9B68436B0}.Release|Any CPU.Build.0 = Release|Any CPU
	EndGlobalSection
	GlobalSection(SolutionProperties) = preSolution
		HideSolutionNode = FALSE
	EndGlobalSection
	GlobalSection(ExtensibilityGlobals) = postSolution
		SolutionGuid = {FEA1071B-C0F8-498C-8316-42FEFDAB01B4}
	EndGlobalSection
EndGlobal
